#MicroXplorer Configuration settings - do not modify
ADC.ClockPrescaler=ADC_CLOCK_SYNC_PCLK_DIV4
ADC.IPParameters=ClockPrescaler,SamplingTimeCommon1,SamplingTimeCommon2,Overrun,NbrOfConversion,SelectedChannel
ADC.NbrOfConversion=1
ADC.Overrun=ADC_OVR_DATA_OVERWRITTEN
ADC.SamplingTimeCommon1=ADC_SAMPLETIME_160CYCLES_5
ADC.SamplingTimeCommon2=ADC_SAMPLETIME_160CYCLES_5
ADC.SelectedChannel=ADC_CHANNEL_TEMPSENSOR|ADC_CHANNEL_VREFINT
CAD.formats=
CAD.pinconfig=
CAD.provider=
Dma.Request0=USART2_TX
Dma.RequestsNb=1
Dma.USART2_TX.0.Channel_PRIV_NPRIV=DMA_CHANNEL_NPRIV_DISABLE
Dma.USART2_TX.0.Direction=DMA_MEMORY_TO_PERIPH
Dma.USART2_TX.0.EventEnable=DISABLE
Dma.USART2_TX.0.Instance=DMA1_Channel5
Dma.USART2_TX.0.MemDataAlignment=DMA_MDATAALIGN_BYTE
Dma.USART2_TX.0.MemInc=DMA_MINC_ENABLE
Dma.USART2_TX.0.Mode=DMA_NORMAL
Dma.USART2_TX.0.PeriphDataAlignment=DMA_PDATAALIGN_BYTE
Dma.USART2_TX.0.PeriphInc=DMA_PINC_DISABLE
Dma.USART2_TX.0.Polarity=HAL_DMAMUX_REQ_GEN_RISING
Dma.USART2_TX.0.Priority=DMA_PRIORITY_LOW
Dma.USART2_TX.0.RequestNumber=1
Dma.USART2_TX.0.RequestParameters=Instance,Direction,PeriphInc,MemInc,PeriphDataAlignment,MemDataAlignment,Mode,Priority,SignalID,Polarity,RequestNumber,SyncSignalID,SyncPolarity,SyncEnable,EventEnable,SyncRequestNumber,Channel_PRIV_NPRIV
Dma.USART2_TX.0.SignalID=NONE
Dma.USART2_TX.0.SyncEnable=DISABLE
Dma.USART2_TX.0.SyncPolarity=HAL_DMAMUX_SYNC_NO_EVENT
Dma.USART2_TX.0.SyncRequestNumber=1
Dma.USART2_TX.0.SyncSignalID=NONE
FREERTOS.FootprintOK=true
FREERTOS.INCLUDE_vTaskCleanUpResources=1
FREERTOS.INCLUDE_xTaskResumeFromISR=0
FREERTOS.IPParameters=Tasks01,configUSE_TICKLESS_IDLE,FootprintOK,configTOTAL_HEAP_SIZE,configENABLE_BACKWARD_COMPATIBILITY,INCLUDE_vTaskCleanUpResources,INCLUDE_xTaskResumeFromISR,configMINIMAL_STACK_SIZE
FREERTOS.Tasks01=defaultTask,24,512,StartDefaultTask,Default,NULL,Dynamic,NULL,NULL
FREERTOS.configENABLE_BACKWARD_COMPATIBILITY=0
FREERTOS.configMINIMAL_STACK_SIZE=128
FREERTOS.configTOTAL_HEAP_SIZE=8192
FREERTOS.configUSE_TICKLESS_IDLE=1
File.Version=6
GPIO.groupedBy=Group By Peripherals
KeepUserPlacement=false
LORAWAN.Activate_DEBUG_LINE=true
LORAWAN.Activate_RADIO_BOARD_INTERFACE=Bsp
LORAWAN.CONTEXT_MANAGEMENT_ENABLED=true
LORAWAN.IPParameters=Activate_RADIO_BOARD_INTERFACE,SUBGHZ_APPLICATION,Activate_DEBUG_LINE,LORAMAC_SPECIFICATION_VERSION,CONTEXT_MANAGEMENT_ENABLED,LORAWAN_FORCE_REJOIN_AT_BOOT
LORAWAN.LORAMAC_SPECIFICATION_VERSION=0x01000400
LORAWAN.LORAWAN_FORCE_REJOIN_AT_BOOT=false
LORAWAN.SUBGHZ_APPLICATION=LORA_END_NODE
LoRaWAN.BSP.number=5
LoRaWAN0.BSP.STBoard=false
LoRaWAN0.BSP.api=Unknown
LoRaWAN0.BSP.component=
LoRaWAN0.BSP.condition=\!SEM_LORA_USER_APPLICATION | SEM_LORA_USE_ADC
LoRaWAN0.BSP.instance=ADC
LoRaWAN0.BSP.ip=ADC
LoRaWAN0.BSP.mode=Vrefint Channel
LoRaWAN0.BSP.name=ADC
LoRaWAN0.BSP.semaphore=
LoRaWAN0.BSP.solution=ADC
LoRaWAN1.BSP.STBoard=false
LoRaWAN1.BSP.api=Unknown
LoRaWAN1.BSP.component=
LoRaWAN1.BSP.condition=\!SEM_LORA_USER_APPLICATION | SEM_LORA_USE_RTC
LoRaWAN1.BSP.instance=RTC
LoRaWAN1.BSP.ip=RTC
LoRaWAN1.BSP.mode=RTC Enabled
LoRaWAN1.BSP.name=RTC
LoRaWAN1.BSP.semaphore=
LoRaWAN1.BSP.solution=RTC
LoRaWAN2.BSP.STBoard=false
LoRaWAN2.BSP.api=Unknown
LoRaWAN2.BSP.component=
LoRaWAN2.BSP.condition=SEM_LORA_END_NODE  | SEM_LORA_USE_UART
LoRaWAN2.BSP.instance=USART2
LoRaWAN2.BSP.ip=(LPU|US)ART
LoRaWAN2.BSP.mode=Asynchronous
LoRaWAN2.BSP.name=USART
LoRaWAN2.BSP.semaphore=
LoRaWAN2.BSP.solution=USART2
LoRaWAN3.BSP.STBoard=false
LoRaWAN3.BSP.api=Unknown
LoRaWAN3.BSP.component=
LoRaWAN3.BSP.condition=SEM_PROBE_LINE_FOR_LORA
LoRaWAN3.BSP.instance=PB12
LoRaWAN3.BSP.ip=GPIO
LoRaWAN3.BSP.mode=Output
LoRaWAN3.BSP.name=Debug Line 1
LoRaWAN3.BSP.semaphore=
LoRaWAN3.BSP.solution=PB12
LoRaWAN4.BSP.STBoard=false
LoRaWAN4.BSP.api=Unknown
LoRaWAN4.BSP.component=
LoRaWAN4.BSP.condition=SEM_PROBE_LINE_FOR_LORA
LoRaWAN4.BSP.instance=PB13
LoRaWAN4.BSP.ip=GPIO
LoRaWAN4.BSP.mode=Output
LoRaWAN4.BSP.name=Debug Line 2
LoRaWAN4.BSP.semaphore=
LoRaWAN4.BSP.solution=PB13
Mcu.CPN=STM32WL55JCI6
Mcu.ContextProject=MonoOnDualCore
Mcu.Family=STM32WL
Mcu.IP0=ADC
Mcu.IP1=ADV_TRACE
Mcu.IP10=SYS
Mcu.IP11=TIMER
Mcu.IP12=TINY_LPM
Mcu.IP13=USART2
Mcu.IP2=DMA
Mcu.IP3=FREERTOS
Mcu.IP4=LORAWAN
Mcu.IP5=MISC
Mcu.IP6=NVIC
Mcu.IP7=RCC
Mcu.IP8=RTC
Mcu.IP9=SUBGHZ
Mcu.IPNb=14
Mcu.Name=STM32WL55JCIx
Mcu.Package=UFBGA73
Mcu.Pin0=PB15
Mcu.Pin1=PC14-OSC32_IN
Mcu.Pin10=PB0-VDD_TCXO
Mcu.Pin11=PC6
Mcu.Pin12=PA1
Mcu.Pin13=PB11
Mcu.Pin14=OSC_IN
Mcu.Pin15=PA3
Mcu.Pin16=PA2
Mcu.Pin17=VP_ADC_TempSens_Input
Mcu.Pin18=VP_ADC_Vref_Input
Mcu.Pin19=VP_ADV_TRACE_VS_ADV_TRACE
Mcu.Pin2=PB9
Mcu.Pin20=VP_FREERTOS_VS_CMSIS_V2
Mcu.Pin21=VP_LORAWAN_VS_LoRaWAN
Mcu.Pin22=VP_MISC_VS_MISC
Mcu.Pin23=VP_RTC_VS_RTC_Activate
Mcu.Pin24=VP_RTC_VS_RTC_Calendar
Mcu.Pin25=VP_RTC_VS_RTC_Alarm_A_Intern
Mcu.Pin26=VP_SUBGHZ_VS_SUBGHZ
Mcu.Pin27=VP_SYS_VS_None
Mcu.Pin28=VP_TIMER_VS_TIMER
Mcu.Pin29=VP_TINY_LPM_VS_TINY_LPM
Mcu.Pin3=PC15-OSC32_OUT
Mcu.Pin4=PC3
Mcu.Pin5=PA0
Mcu.Pin6=PB13
Mcu.Pin7=PC5
Mcu.Pin8=PB12
Mcu.Pin9=PC4
Mcu.PinsNb=30
Mcu.ThirdPartyNb=0
Mcu.UserConstants=RTC_N_PREDIV_S,10;RTC_PREDIV_S,((1<<RTC_N_PREDIV_S)-1);RTC_PREDIV_A,((1<<(15-RTC_N_PREDIV_S))-1)
Mcu.UserName=STM32WL55JCIx
MxCube.Version=6.7.0
MxDb.Version=DB.6.0.70
NVIC.BusFault_IRQn=true\:0\:0\:false\:false\:true\:false\:false\:false\:false
NVIC.DMA1_Channel5_IRQn=true\:7\:0\:true\:false\:true\:true\:false\:true\:true
NVIC.DebugMonitor_IRQn=true\:0\:0\:false\:false\:true\:false\:false\:false\:false
NVIC.EXTI0_IRQn=true\:5\:0\:false\:false\:true\:true\:true\:true\:true
NVIC.EXTI1_IRQn=true\:5\:0\:false\:false\:true\:true\:true\:true\:true
NVIC.EXTI9_5_IRQn=true\:5\:0\:false\:false\:true\:true\:true\:true\:true
NVIC.ForceEnableDMAVector=true
NVIC.HardFault_IRQn=true\:0\:0\:false\:false\:true\:false\:false\:false\:false
NVIC.MemoryManagement_IRQn=true\:0\:0\:false\:false\:true\:false\:false\:false\:false
NVIC.NonMaskableInt_IRQn=true\:0\:0\:false\:false\:true\:false\:false\:false\:false
NVIC.PendSV_IRQn=true\:15\:0\:false\:false\:false\:true\:false\:false\:false
NVIC.PriorityGroup=NVIC_PRIORITYGROUP_4
NVIC.RTC_Alarm_IRQn=true\:5\:0\:false\:false\:true\:true\:true\:true\:true
NVIC.SUBGHZ_Radio_IRQn=true\:5\:0\:false\:false\:true\:true\:true\:true\:true
NVIC.SVCall_IRQn=true\:0\:0\:false\:false\:false\:false\:false\:false\:false
NVIC.SavedPendsvIrqHandlerGenerated=true
NVIC.SavedSvcallIrqHandlerGenerated=true
NVIC.SavedSystickIrqHandlerGenerated=true
NVIC.SysTick_IRQn=true\:15\:0\:false\:false\:false\:true\:false\:false\:false
NVIC.TAMP_STAMP_LSECSS_SSRU_IRQn=true\:5\:0\:false\:false\:true\:true\:true\:true\:true
NVIC.TimeBase=None
NVIC.USART2_IRQn=true\:7\:0\:true\:false\:true\:true\:true\:true\:true
NVIC.UsageFault_IRQn=true\:0\:0\:false\:false\:true\:false\:false\:false\:false
OSC_IN.Mode=HSE-TCXO
OSC_IN.Signal=RCC_OSC_IN
PA0.GPIOParameters=GPIO_PuPd,GPIO_Label,GPIO_ModeDefaultEXTI
PA0.GPIO_Label=BUT1
PA0.GPIO_ModeDefaultEXTI=GPIO_MODE_IT_FALLING
PA0.GPIO_PuPd=GPIO_PULLUP
PA0.Locked=true
PA0.Signal=GPXTI0
PA1.GPIOParameters=GPIO_PuPd,GPIO_Label,GPIO_ModeDefaultEXTI
PA1.GPIO_Label=BUT2
PA1.GPIO_ModeDefaultEXTI=GPIO_MODE_IT_FALLING
PA1.GPIO_PuPd=GPIO_PULLUP
PA1.Locked=true
PA1.Signal=GPXTI1
PA2.GPIOParameters=GPIO_Speed,GPIO_Label
PA2.GPIO_Label=USARTx_TX
PA2.GPIO_Speed=GPIO_SPEED_FREQ_VERY_HIGH
PA2.Locked=true
PA2.Mode=Asynchronous
PA2.Signal=USART2_TX
PA3.GPIOParameters=GPIO_Speed,GPIO_Label
PA3.GPIO_Label=USARTx_RX
PA3.GPIO_Speed=GPIO_SPEED_FREQ_VERY_HIGH
PA3.Locked=true
PA3.Mode=Asynchronous
PA3.Signal=USART2_RX
PB0-VDD_TCXO.Mode=HSE-TCXO
PB0-VDD_TCXO.Signal=VDDTCXO
PB11.GPIOParameters=GPIO_Speed,GPIO_Label
PB11.GPIO_Label=LED3
PB11.GPIO_Speed=GPIO_SPEED_FREQ_HIGH
PB11.Locked=true
PB11.Signal=GPIO_Output
PB12.GPIOParameters=GPIO_Speed,GPIO_Label
PB12.GPIO_Label=PROB1
PB12.GPIO_Speed=GPIO_SPEED_FREQ_VERY_HIGH
PB12.Locked=true
PB12.Signal=GPIO_Output
PB13.GPIOParameters=GPIO_Speed,GPIO_Label
PB13.GPIO_Label=PROB2
PB13.GPIO_Speed=GPIO_SPEED_FREQ_VERY_HIGH
PB13.Locked=true
PB13.Signal=GPIO_Output
PB15.GPIOParameters=GPIO_Speed,GPIO_Label
PB15.GPIO_Label=LED1
PB15.GPIO_Speed=GPIO_SPEED_FREQ_HIGH
PB15.Locked=true
PB15.Signal=GPIO_Output
PB9.GPIOParameters=GPIO_Speed,GPIO_Label
PB9.GPIO_Label=LED2
PB9.GPIO_Speed=GPIO_SPEED_FREQ_HIGH
PB9.Locked=true
PB9.Signal=GPIO_Output
PC14-OSC32_IN.Locked=true
PC14-OSC32_IN.Mode=LSE-External-Oscillator
PC14-OSC32_IN.Signal=RCC_OSC32_IN
PC15-OSC32_OUT.Locked=true
PC15-OSC32_OUT.Mode=LSE-External-Oscillator
PC15-OSC32_OUT.Signal=RCC_OSC32_OUT
PC3.Locked=true
PC4.Locked=true
PC5.Locked=true
PC6.GPIOParameters=GPIO_PuPd,GPIO_Label,GPIO_ModeDefaultEXTI
PC6.GPIO_Label=BUT3
PC6.GPIO_ModeDefaultEXTI=GPIO_MODE_IT_FALLING
PC6.GPIO_PuPd=GPIO_PULLUP
PC6.Locked=true
PC6.Signal=GPXTI6
PCC.SUBGHZ.FrequencyBand=High
PCC.SUBGHZ.Modulation=FSK
PCC.SUBGHZ.OptionalSettings=false
PCC.SUBGHZ.Output.Power=14
PCC.SUBGHZ.PowerAmplifier=Low Power
PCC.SUBGHZ.RxBoosted=false
PCC.SUBGHZ.SMPS=Off
PinOutPanel.CurrentBGAView=Top
PinOutPanel.RotationAngle=0
ProjectManager.AskForMigrate=true
ProjectManager.BackupPrevious=false
ProjectManager.CompilerOptimize=6
ProjectManager.ComputerToolchain=false
ProjectManager.CoupleFile=true
ProjectManager.DeletePrevious=true
ProjectManager.DeviceId=STM32WL55JCIx
ProjectManager.FreePins=false
ProjectManager.HalAssertFull=false
ProjectManager.HeapSize=0x200
ProjectManager.KeepUserCode=true
ProjectManager.LastFirmware=true
ProjectManager.LibraryCopy=2
ProjectManager.MainLocation=Core/Src
ProjectManager.NoMain=false
ProjectManager.PreviousToolchain=
ProjectManager.ProjectBuild=false
ProjectManager.ProjectFileName=LoRaWAN_End_Node_FreeRTOS.ioc
ProjectManager.ProjectName=LoRaWAN_End_Node_FreeRTOS
ProjectManager.RegisterCallBack=
ProjectManager.StackSize=0x800
ProjectManager.TargetToolchain=EWARM V9.20
ProjectManager.ToolChainLocation=
ProjectManager.UnderRoot=false
ProjectManager.functionlistsort=1-MX_GPIO_Init-GPIO-false-HAL-false,2-MX_DMA_Init-DMA-true-HAL-false,3-SystemClock_Config-RCC-false-HAL-false,4-MX_ADC_Init-ADC-true-HAL-false,5-MX_RTC_Init-RTC-true-HAL-false,6-MX_USART2_UART_Init-USART2-true-HAL-false,7-MX_SUBGHZ_Init-SUBGHZ-true-HAL-false,8-MX_LoRaWAN_Init-LORAWAN-false-HAL-false
RCC.AHBFreq_Value=48000000
RCC.APB1Freq_Value=48000000
RCC.APB1TimFreq_Value=48000000
RCC.APB2Freq_Value=48000000
RCC.APB2TimFreq_Value=48000000
RCC.APB3Freq_Value=48000000
RCC.CortexFreq_Value=48000000
RCC.FCLKCortexFreq_Value=48000000
RCC.FamilyName=M
RCC.HCLK2Freq_Value=4000000
RCC.HCLK3Freq_Value=48000000
RCC.HCLKFreq_Value=48000000
RCC.HSE_VALUE=8000000
RCC.HSI_VALUE=16000000
RCC.I2C1Freq_Value=48000000
RCC.I2C2Freq_Value=48000000
RCC.I2C3Freq_Value=48000000
RCC.I2S2Freq_Value=16000000
RCC.IPParameters=AHBFreq_Value,APB1Freq_Value,APB1TimFreq_Value,APB2Freq_Value,APB2TimFreq_Value,APB3Freq_Value,CortexFreq_Value,FCLKCortexFreq_Value,FamilyName,HCLK2Freq_Value,HCLK3Freq_Value,HCLKFreq_Value,HSE_VALUE,HSI_VALUE,I2C1Freq_Value,I2C2Freq_Value,I2C3Freq_Value,I2S2Freq_Value,LPTIM1Freq_Value,LPTIM2Freq_Value,LPTIM3Freq_Value,LPUART1Freq_Value,LSCOPinFreq_Value,LSE_VALUE,MCO1PinFreq_Value,MSIClockRange,PLLPoutputFreq_Value,PLLQoutputFreq_Value,PLLRCLKFreq_Value,PWRFreq_Value,RNGFreq_Value,RTCClockSelection,RTCFreq_Value,SYSCLKFreq_VALUE,USART1Freq_Value,USART2CLockSelection,USART2Freq_Value,VCOInputFreq_Value,VCOOutputFreq_Value
RCC.LPTIM1Freq_Value=48000000
RCC.LPTIM2Freq_Value=48000000
RCC.LPTIM3Freq_Value=48000000
RCC.LPUART1Freq_Value=48000000
RCC.LSCOPinFreq_Value=32000
RCC.LSE_VALUE=32768
RCC.MCO1PinFreq_Value=48000000
RCC.MSIClockRange=RCC_MSIRANGE_11
RCC.PLLPoutputFreq_Value=192000000
RCC.PLLQoutputFreq_Value=192000000
RCC.PLLRCLKFreq_Value=192000000
RCC.PWRFreq_Value=48000000
RCC.RNGFreq_Value=32000
RCC.RTCClockSelection=RCC_RTCCLKSOURCE_LSE
RCC.RTCFreq_Value=32768
RCC.SYSCLKFreq_VALUE=48000000
RCC.USART1Freq_Value=48000000
RCC.USART2CLockSelection=RCC_USART2CLKSOURCE_SYSCLK
RCC.USART2Freq_Value=48000000
RCC.VCOInputFreq_Value=48000000
RCC.VCOOutputFreq_Value=384000000
RTC.Alarm-Alarm\ A=RTC_ALARM_A
RTC.AsynchPrediv=RTC_PREDIV_A
RTC.BinMode=RTC_BINARY_ONLY
RTC.BinaryAutoClr_A-Alarm\ A=RTC_ALARMSUBSECONDBIN_AUTOCLR_NO
RTC.IPParameters=Alarm-Alarm A,AsynchPrediv,BinMode,BinaryAutoClr_A-Alarm A
SH.GPXTI0.0=GPIO_EXTI0
SH.GPXTI0.ConfNb=1
SH.GPXTI1.0=GPIO_EXTI1
SH.GPXTI1.ConfNb=1
SH.GPXTI6.0=GPIO_EXTI6
SH.GPXTI6.ConfNb=1
SUBGHZ.BaudratePrescaler=SUBGHZSPI_BAUDRATEPRESCALER_4
SUBGHZ.IPParameters=BaudratePrescaler
USART2.FIFOMode=FIFOMODE_ENABLE
USART2.IPParameters=VirtualMode-Asynchronous,FIFOMode
USART2.VirtualMode-Asynchronous=VM_ASYNC
VP_ADC_TempSens_Input.Mode=IN-TempSens
VP_ADC_TempSens_Input.Signal=ADC_TempSens_Input
VP_ADC_Vref_Input.Mode=IN-Vrefint
VP_ADC_Vref_Input.Signal=ADC_Vref_Input
VP_ADV_TRACE_VS_ADV_TRACE.Mode=ADV_TRACE_Enabled
VP_ADV_TRACE_VS_ADV_TRACE.Signal=ADV_TRACE_VS_ADV_TRACE
VP_FREERTOS_VS_CMSIS_V2.Mode=CMSIS_V2
VP_FREERTOS_VS_CMSIS_V2.Signal=FREERTOS_VS_CMSIS_V2
VP_LORAWAN_VS_LoRaWAN.Mode=LoRaWAN_Enabled
VP_LORAWAN_VS_LoRaWAN.Signal=LORAWAN_VS_LoRaWAN
VP_MISC_VS_MISC.Mode=MISC_Enabled
VP_MISC_VS_MISC.Signal=MISC_VS_MISC
VP_RTC_VS_RTC_Activate.Mode=RTC_Enabled
VP_RTC_VS_RTC_Activate.Signal=RTC_VS_RTC_Activate
VP_RTC_VS_RTC_Alarm_A_Intern.Mode=Alarm A
VP_RTC_VS_RTC_Alarm_A_Intern.Signal=RTC_VS_RTC_Alarm_A_Intern
VP_RTC_VS_RTC_Calendar.Mode=RTC_Calendar
VP_RTC_VS_RTC_Calendar.Signal=RTC_VS_RTC_Calendar
VP_SUBGHZ_VS_SUBGHZ.Mode=SUBGHZ_Activate
VP_SUBGHZ_VS_SUBGHZ.Signal=SUBGHZ_VS_SUBGHZ
VP_SYS_VS_None.Mode=None
VP_SYS_VS_None.Signal=SYS_VS_None
VP_TIMER_VS_TIMER.Mode=TIMER_Enabled
VP_TIMER_VS_TIMER.Signal=TIMER_VS_TIMER
VP_TINY_LPM_VS_TINY_LPM.Mode=TINY_LPM_Enabled
VP_TINY_LPM_VS_TINY_LPM.Signal=TINY_LPM_VS_TINY_LPM
board=NUCLEO-WL55JC1
boardIOC=true
ProjectManager.Example=LoRaWAN_End_Node_FreeRTOS
ProjectManager.ExampleSource=CubeFw
