#MicroXplorer Configuration settings - do not modify
CortexM0Plus.IPs=IPCC,RCC,SYS_M0PLUS\:I,DMA,NVIC2\:I,ADV_TRACE,LORAWAN,MISC,SIGFOX,SUBGHZ_PHY,TIMER,TINY_LPM,GTZC_S\:I,SEQUENCER_M0PLUS\:I,SUBGHZ\:I
CortexM4.IPs=DEBUG\:I,FATFS\:I,FREERTOS\:I,IPCC\:I,RCC\:I,SYS\:I,DMA\:I,NVIC1\:I,ADV_TRACE\:I,LORAWAN\:I,MISC\:I,SIGFOX\:I,SUBGHZ_PHY\:I,TIMER\:I,TINY_LPM\:I,GTZC_NS\:I,SEQUENCER_M4\:I
Dma.MEMTOMEM.0.Channel_PRIV_NPRIV=DMA_CHANNEL_NPRIV_DISABLE
Dma.MEMTOMEM.0.Channel_SEC_NSEC=DMA_CHANNEL_SEC_ENABLE
Dma.MEMTOMEM.0.Dest_SEC_NSEC=DMA_CHANNEL_DEST_NSEC_DISABLE
Dma.MEMTOMEM.0.Direction=DMA_MEMORY_TO_MEMORY
Dma.MEMTOMEM.0.EventEnable=DISABLE
Dma.MEMTOMEM.0.Instance=DMA1_Channel1
Dma.MEMTOMEM.0.MemDataAlignment=DMA_MDATAALIGN_WORD
Dma.MEMTOMEM.0.MemInc=DMA_MINC_ENABLE
Dma.MEMTOMEM.0.Mode=DMA_NORMAL
Dma.MEMTOMEM.0.PeriphDataAlignment=DMA_PDATAALIGN_WORD
Dma.MEMTOMEM.0.PeriphInc=DMA_PINC_ENABLE
Dma.MEMTOMEM.0.Polarity=HAL_DMAMUX_REQ_GEN_RISING
Dma.MEMTOMEM.0.Priority=DMA_PRIORITY_LOW
Dma.MEMTOMEM.0.RequestNumber=1
Dma.MEMTOMEM.0.RequestParameters=Instance,Direction,PeriphInc,MemInc,PeriphDataAlignment,MemDataAlignment,Mode,Priority,SignalID,Polarity,RequestNumber,SyncSignalID,SyncPolarity,SyncEnable,EventEnable,SyncRequestNumber,Channel_SEC_NSEC,Channel_PRIV_NPRIV,Src_SEC_NSEC,Dest_SEC_NSEC
Dma.MEMTOMEM.0.SignalID=NONE
Dma.MEMTOMEM.0.Src_SEC_NSEC=DMA_CHANNEL_SRC_SEC_ENABLE
Dma.MEMTOMEM.0.SyncEnable=DISABLE
Dma.MEMTOMEM.0.SyncPolarity=HAL_DMAMUX_SYNC_NO_EVENT
Dma.MEMTOMEM.0.SyncRequestNumber=1
Dma.MEMTOMEM.0.SyncSignalID=NONE
Dma.Request0=MEMTOMEM
Dma.RequestsNb=1
File.Version=6
GPIO.groupedBy=
GTZC_S.DMA1_Illegal_Access_Interrupt=Enabled
GTZC_S.FLASH_Illegal_Access_Interrupt=Enabled
GTZC_S.Full_IT_Default-GTZC_Enable=Disabled
GTZC_S.Full_IT_Enabled-GTZC_Enable=Enabled
GTZC_S.IAI_Default-GTZC_Enable=Disabled
GTZC_S.IPParameters=DMA1_Illegal_Access_Interrupt,FLASH_Illegal_Access_Interrupt,SRAM1_Illegal_Access_Interrupt,TZIC_Configure_IT_Choice,MPCWM1_NonPrivilegeArea_Choice,MPCWM2_NonPrivilegeArea_Choice,MPCWM3_NonPrivilegeArea_Choice,MPCWM_Activation,Full_IT_Enabled-GTZC_Enable,Full_IT_Default-GTZC_Enable,IAI_Default-GTZC_Enable
GTZC_S.MPCWM1_NonPrivilegeArea_Choice=from full Not Privileged
GTZC_S.MPCWM2_NonPrivilegeArea_Choice=from full Not Privileged
GTZC_S.MPCWM3_NonPrivilegeArea_Choice=from full Not Privileged
GTZC_S.MPCWM_Activation=MPCWM_ENABLE
GTZC_S.SRAM1_Illegal_Access_Interrupt=Enabled
GTZC_S.TZIC_Configure_IT_Choice=by Individual modifying from Default
KeepUserPlacement=false
Mcu.Context0=CortexM4
Mcu.Context1=CortexM0Plus
Mcu.ContextNb=2
Mcu.ContextProject=DualCore
Mcu.Family=STM32WL
Mcu.IP0=DMA
Mcu.IP1=GTZC_S
Mcu.IP2=NVIC1
Mcu.IP3=NVIC2
Mcu.IP4=RCC
Mcu.IP5=SYS_M0PLUS
Mcu.IP6=SYS
Mcu.IPNb=7
Mcu.Name=STM32WL55JCIx
Mcu.Package=UFBGA73
Mcu.Pin0=VP_GTZC_S_VS_GTZC_Enable
Mcu.Pin1=VP_SYS_VS_Systick
Mcu.Pin2=VP_SYS_M0PLUS_VS_Systick
Mcu.PinsNb=3
Mcu.ThirdPartyNb=0
Mcu.UserConstants=
Mcu.UserName=STM32WL55JCIx
MxCube.Version=6.2.0
MxDb.Version=DB.6.0.20
NVIC1.BusFault_IRQn=true\:0\:0\:false\:false\:true\:false\:false
NVIC1.DebugMonitor_IRQn=true\:0\:0\:false\:false\:true\:false\:false
NVIC1.ForceEnableDMAVector=true
NVIC1.HardFault_IRQn=true\:0\:0\:false\:false\:true\:false\:false
NVIC1.MemoryManagement_IRQn=true\:0\:0\:false\:false\:true\:false\:false
NVIC1.NonMaskableInt_IRQn=true\:0\:0\:false\:false\:true\:false\:false
NVIC1.PendSV_IRQn=true\:0\:0\:false\:false\:true\:false\:false
NVIC1.PriorityGroup=NVIC_PRIORITYGROUP_4
NVIC1.SVCall_IRQn=true\:0\:0\:false\:false\:true\:false\:false
NVIC1.SysTick_IRQn=true\:15\:0\:false\:false\:true\:false\:true
NVIC1.UsageFault_IRQn=true\:0\:0\:false\:false\:true\:false\:false
NVIC2.ForceEnableDMAVector=true
NVIC2.HardFault_IRQn=true\:0\:0\:false\:false\:true\:false\:false
NVIC2.NonMaskableInt_IRQn=true\:0\:0\:false\:false\:true\:false\:false
NVIC2.PendSV_IRQn=true\:0\:0\:false\:false\:true\:false\:false
NVIC2.SVC_IRQn=true\:0\:0\:false\:false\:true\:false\:false
NVIC2.SysTick_IRQn=true\:3\:0\:false\:false\:true\:false\:true
NVIC2.TZIC_ILA_IRQn=true\:0\:0\:false\:false\:true\:true\:true
PCC.SUBGHZ.FrequencyBand=High
PCC.SUBGHZ.Modulation=FSK
PCC.SUBGHZ.OptionalSettings=false
PCC.SUBGHZ.Output.Power=14
PCC.SUBGHZ.PowerAmplifier=Low Power
PCC.SUBGHZ.RxBoosted=false
PCC.SUBGHZ.SMPS=Off
PinOutPanel.CurrentBGAView=Top
PinOutPanel.RotationAngle=0
ProjectManager.AskForMigrate=true
ProjectManager.BackupPrevious=false
ProjectManager.BootMode=boot0
ProjectManager.CompilerOptimize=6
ProjectManager.ComputerToolchain=false
ProjectManager.CoupleFile=false
ProjectManager.DeletePrevious=true
ProjectManager.DeviceId=STM32WL55JCIx
ProjectManager.FreePins=false
ProjectManager.HalAssertFull=false
ProjectManager.HeapSize=0x200
ProjectManager.KeepUserCode=true
ProjectManager.LastFirmware=true
ProjectManager.LibraryCopy=2
ProjectManager.MainLocation=Src
ProjectManager.NoMain=false
ProjectManager.PreviousToolchain=
ProjectManager.ProjectBuild=false
ProjectManager.ProjectFileName=DMA_SecureTransfer_DualCore.ioc
ProjectManager.ProjectName=DMA_SecureTransfer_DualCore
ProjectManager.RegisterCallBack=
ProjectManager.StackSize=0x400
ProjectManager.TargetToolchain=EWARM V8
ProjectManager.ToolChainLocation=
ProjectManager.UnderRoot=false
ProjectManager.functionlistsort=1-MX_DMA_Init-DMA-true-HAL-false-CortexM4,2-SystemClock_Config-RCC-false-HAL-false-CortexM4,1-MX_DMA_Init-DMA-false-HAL-true-CortexM0Plus,2-MX_GTZC_S_Init-GTZC_S-false-HAL-true-CortexM0Plus
RCC.FamilyName=M
RCC.HCLK2Freq_Value=4000000
RCC.HSE_VALUE=8000000
RCC.HSI_VALUE=16000000
RCC.I2S2Freq_Value=16000000
RCC.IPParameters=FamilyName,HCLK2Freq_Value,HSE_VALUE,HSI_VALUE,I2S2Freq_Value,LSCOPinFreq_Value,LSE_VALUE,PLLPoutputFreq_Value,PLLQoutputFreq_Value,PLLRCLKFreq_Value,RNGFreq_Value,VCOInputFreq_Value,VCOOutputFreq_Value
RCC.LSCOPinFreq_Value=32000
RCC.LSE_VALUE=32768
RCC.PLLPoutputFreq_Value=16000000
RCC.PLLQoutputFreq_Value=16000000
RCC.PLLRCLKFreq_Value=16000000
RCC.RNGFreq_Value=32000
RCC.VCOInputFreq_Value=4000000
RCC.VCOOutputFreq_Value=32000000
SYS.userName=SYS_M4
SYS_M0PLUS.userName=SYS_M0+
VP_GTZC_S_VS_GTZC_Enable.Mode=GTZC_Enable
VP_GTZC_S_VS_GTZC_Enable.Signal=GTZC_S_VS_GTZC_Enable
VP_SYS_M0PLUS_VS_Systick.Mode=SysTick
VP_SYS_M0PLUS_VS_Systick.Signal=SYS_M0PLUS_VS_Systick
VP_SYS_VS_Systick.Mode=SysTick
VP_SYS_VS_Systick.Signal=SYS_VS_Systick
board=custom
ProjectManager.Example=DMA_SecureTransfer_DualCore
ProjectManager.ExampleSource=CubeFw
